
Microsoft Visual Studio Solution File, Format Version 12.00
# Visual Studio Version 16
VisualStudioVersion = 16.0.30717.126
MinimumVisualStudioVersion = 10.0.40219.1
Project("{9A19103F-16F7-4668-BE54-9A1E7A4F7556}") = "BOMTool.M", "BOMTool.M\BOMTool.M.csproj", "{0C4E0D1F-9A99-41A2-9E5E-14CC61A4813D}"
EndProject
Project("{9A19103F-16F7-4668-BE54-9A1E7A4F7556}") = "BOMTool.C", "BOMTool.C\BOMTool.C.csproj", "{E87777A3-1BBA-421F-AA2D-472F668A49D2}"
EndProject
Project("{9A19103F-16F7-4668-BE54-9A1E7A4F7556}") = "BOMTool.V", "BOMTool.V\BOMTool.V.csproj", "{6A69D533-9CF0-489E-A712-C127A7BD6E16}"
EndProject
Global
	GlobalSection(SolutionConfigurationPlatforms) = preSolution
		Debug|Any CPU = Debug|Any CPU
		Debug|ARM = Debug|ARM
		Debug|ARM64 = Debug|ARM64
		Debug|x64 = Debug|x64
		Debug|x86 = Debug|x86
		Release|Any CPU = Release|Any CPU
		Release|ARM = Release|ARM
		Release|ARM64 = Release|ARM64
		Release|x64 = Release|x64
		Release|x86 = Release|x86
	EndGlobalSection
	GlobalSection(ProjectConfigurationPlatforms) = postSolution
		{0C4E0D1F-9A99-41A2-9E5E-14CC61A4813D}.Debug|Any CPU.ActiveCfg = Debug|Any CPU
		{0C4E0D1F-9A99-41A2-9E5E-14CC61A4813D}.Debug|Any CPU.Build.0 = Debug|Any CPU
		{0C4E0D1F-9A99-41A2-9E5E-14CC61A4813D}.Debug|ARM.ActiveCfg = Debug|Any CPU
		{0C4E0D1F-9A99-41A2-9E5E-14CC61A4813D}.Debug|ARM.Build.0 = Debug|Any CPU
		{0C4E0D1F-9A99-41A2-9E5E-14CC61A4813D}.Debug|ARM64.ActiveCfg = Debug|Any CPU
		{0C4E0D1F-9A99-41A2-9E5E-14CC61A4813D}.Debug|ARM64.Build.0 = Debug|Any CPU
		{0C4E0D1F-9A99-41A2-9E5E-14CC61A4813D}.Debug|x64.ActiveCfg = Debug|Any CPU
		{0C4E0D1F-9A99-41A2-9E5E-14CC61A4813D}.Debug|x64.Build.0 = Debug|Any CPU
		{0C4E0D1F-9A99-41A2-9E5E-14CC61A4813D}.Debug|x86.ActiveCfg = Debug|Any CPU
		{0C4E0D1F-9A99-41A2-9E5E-14CC61A4813D}.Debug|x86.Build.0 = Debug|Any CPU
		{0C4E0D1F-9A99-41A2-9E5E-14CC61A4813D}.Release|Any CPU.ActiveCfg = Release|Any CPU
		{0C4E0D1F-9A99-41A2-9E5E-14CC61A4813D}.Release|Any CPU.Build.0 = Release|Any CPU
		{0C4E0D1F-9A99-41A2-9E5E-14CC61A4813D}.Release|ARM.ActiveCfg = Release|Any CPU
		{0C4E0D1F-9A99-41A2-9E5E-14CC61A4813D}.Release|ARM.Build.0 = Release|Any CPU
		{0C4E0D1F-9A99-41A2-9E5E-14CC61A4813D}.Release|ARM64.ActiveCfg = Release|Any CPU
		{0C4E0D1F-9A99-41A2-9E5E-14CC61A4813D}.Release|ARM64.Build.0 = Release|Any CPU
		{0C4E0D1F-9A99-41A2-9E5E-14CC61A4813D}.Release|x64.ActiveCfg = Release|Any CPU
		{0C4E0D1F-9A99-41A2-9E5E-14CC61A4813D}.Release|x64.Build.0 = Release|Any CPU
		{0C4E0D1F-9A99-41A2-9E5E-14CC61A4813D}.Release|x86.ActiveCfg = Release|Any CPU
		{0C4E0D1F-9A99-41A2-9E5E-14CC61A4813D}.Release|x86.Build.0 = Release|Any CPU
		{E87777A3-1BBA-421F-AA2D-472F668A49D2}.Debug|Any CPU.ActiveCfg = Debug|Any CPU
		{E87777A3-1BBA-421F-AA2D-472F668A49D2}.Debug|Any CPU.Build.0 = Debug|Any CPU
		{E87777A3-1BBA-421F-AA2D-472F668A49D2}.Debug|ARM.ActiveCfg = Debug|Any CPU
		{E87777A3-1BBA-421F-AA2D-472F668A49D2}.Debug|ARM.Build.0 = Debug|Any CPU
		{E87777A3-1BBA-421F-AA2D-472F668A49D2}.Debug|ARM64.ActiveCfg = Debug|Any CPU
		{E87777A3-1BBA-421F-AA2D-472F668A49D2}.Debug|ARM64.Build.0 = Debug|Any CPU
		{E87777A3-1BBA-421F-AA2D-472F668A49D2}.Debug|x64.ActiveCfg = Debug|Any CPU
		{E87777A3-1BBA-421F-AA2D-472F668A49D2}.Debug|x64.Build.0 = Debug|Any CPU
		{E87777A3-1BBA-421F-AA2D-472F668A49D2}.Debug|x86.ActiveCfg = Debug|Any CPU
		{E87777A3-1BBA-421F-AA2D-472F668A49D2}.Debug|x86.Build.0 = Debug|Any CPU
		{E87777A3-1BBA-421F-AA2D-472F668A49D2}.Release|Any CPU.ActiveCfg = Release|Any CPU
		{E87777A3-1BBA-421F-AA2D-472F668A49D2}.Release|Any CPU.Build.0 = Release|Any CPU
		{E87777A3-1BBA-421F-AA2D-472F668A49D2}.Release|ARM.ActiveCfg = Release|Any CPU
		{E87777A3-1BBA-421F-AA2D-472F668A49D2}.Release|ARM.Build.0 = Release|Any CPU
		{E87777A3-1BBA-421F-AA2D-472F668A49D2}.Release|ARM64.ActiveCfg = Release|Any CPU
		{E87777A3-1BBA-421F-AA2D-472F668A49D2}.Release|ARM64.Build.0 = Release|Any CPU
		{E87777A3-1BBA-421F-AA2D-472F668A49D2}.Release|x64.ActiveCfg = Release|Any CPU
		{E87777A3-1BBA-421F-AA2D-472F668A49D2}.Release|x64.Build.0 = Release|Any CPU
		{E87777A3-1BBA-421F-AA2D-472F668A49D2}.Release|x86.ActiveCfg = Release|Any CPU
		{E87777A3-1BBA-421F-AA2D-472F668A49D2}.Release|x86.Build.0 = Release|Any CPU
		{6A69D533-9CF0-489E-A712-C127A7BD6E16}.Debug|Any CPU.ActiveCfg = Debug|Any CPU
		{6A69D533-9CF0-489E-A712-C127A7BD6E16}.Debug|Any CPU.Build.0 = Debug|Any CPU
		{6A69D533-9CF0-489E-A712-C127A7BD6E16}.Debug|ARM.ActiveCfg = Debug|Any CPU
		{6A69D533-9CF0-489E-A712-C127A7BD6E16}.Debug|ARM.Build.0 = Debug|Any CPU
		{6A69D533-9CF0-489E-A712-C127A7BD6E16}.Debug|ARM64.ActiveCfg = Debug|Any CPU
		{6A69D533-9CF0-489E-A712-C127A7BD6E16}.Debug|ARM64.Build.0 = Debug|Any CPU
		{6A69D533-9CF0-489E-A712-C127A7BD6E16}.Debug|x64.ActiveCfg = Debug|Any CPU
		{6A69D533-9CF0-489E-A712-C127A7BD6E16}.Debug|x64.Build.0 = Debug|Any CPU
		{6A69D533-9CF0-489E-A712-C127A7BD6E16}.Debug|x86.ActiveCfg = Debug|Any CPU
		{6A69D533-9CF0-489E-A712-C127A7BD6E16}.Debug|x86.Build.0 = Debug|Any CPU
		{6A69D533-9CF0-489E-A712-C127A7BD6E16}.Release|Any CPU.ActiveCfg = Release|Any CPU
		{6A69D533-9CF0-489E-A712-C127A7BD6E16}.Release|Any CPU.Build.0 = Release|Any CPU
		{6A69D533-9CF0-489E-A712-C127A7BD6E16}.Release|ARM.ActiveCfg = Release|Any CPU
		{6A69D533-9CF0-489E-A712-C127A7BD6E16}.Release|ARM.Build.0 = Release|Any CPU
		{6A69D533-9CF0-489E-A712-C127A7BD6E16}.Release|ARM64.ActiveCfg = Release|Any CPU
		{6A69D533-9CF0-489E-A712-C127A7BD6E16}.Release|ARM64.Build.0 = Release|Any CPU
		{6A69D533-9CF0-489E-A712-C127A7BD6E16}.Release|x64.ActiveCfg = Release|Any CPU
		{6A69D533-9CF0-489E-A712-C127A7BD6E16}.Release|x64.Build.0 = Release|Any CPU
		{6A69D533-9CF0-489E-A712-C127A7BD6E16}.Release|x86.ActiveCfg = Release|Any CPU
		{6A69D533-9CF0-489E-A712-C127A7BD6E16}.Release|x86.Build.0 = Release|Any CPU
	EndGlobalSection
	GlobalSection(SolutionProperties) = preSolution
		HideSolutionNode = FALSE
	EndGlobalSection
	GlobalSection(ExtensibilityGlobals) = postSolution
		SolutionGuid = {A002DC37-584F-40AD-9E38-6EE12CD20553}
	EndGlobalSection
EndGlobal
